
Microsoft Visual Studio Solution File, Format Version 12.00
# Visual Studio Version 16
VisualStudioVersion = 16.0.31112.23
MinimumVisualStudioVersion = 10.0.40219.1
Project("{FAE04EC0-301F-11D3-BF4B-00C04F79EFBC}") = "UitService2", "UitService2\UitService2.csproj", "{8955E9DB-9D72-49DA-BF2E-968E568D059E}"
EndProject
Global
	GlobalSection(SolutionConfigurationPlatforms) = preSolution
		Debug|Any CPU = Debug|Any CPU
		Release|Any CPU = Release|Any CPU
	EndGlobalSection
	GlobalSection(ProjectConfigurationPlatforms) = postSolution
		{8955E9DB-9D72-49DA-BF2E-968E568D059E}.Debug|Any CPU.ActiveCfg = Debug|Any CPU
		{8955E9DB-9D72-49DA-BF2E-968E568D059E}.Debug|Any CPU.Build.0 = Debug|Any CPU
		{8955E9DB-9D72-49DA-BF2E-968E568D059E}.Release|Any CPU.ActiveCfg = Release|Any CPU
		{8955E9DB-9D72-49DA-BF2E-968E568D059E}.Release|Any CPU.Build.0 = Release|Any CPU
	EndGlobalSection
	GlobalSection(SolutionProperties) = preSolution
		HideSolutionNode = FALSE
	EndGlobalSection
	GlobalSection(ExtensibilityGlobals) = postSolution
		SolutionGuid = {5518A369-BB2B-4AB2-A629-800BCD79B679}
	EndGlobalSection
EndGlobal
